# Baseline captured 2026-07-19. Paths identify repository artifacts only.
agl_manifest_sha256=8fc8f959099d3fd1b1c63faf584f99d0f075561cd9186de2afae7e9df736e5a8
meta_agl_mode_patch_sha256=ff42dcaf51a86a7a15a4638d9f999478b1d9b24561c73b344c181312f7f9eb5e
raspberrypi4_local_conf_sha256=cbbb3262cdd31a186db4df916e969351c2b370ae59f5ee8af202e497c8109f75
raspberrypi4_bblayers_conf_sha256=499b321a882b93cdc4cac6f0d5cddef106d33c98f65a99ee13932b428d6814bc
qemux86_64_local_conf_sha256=f6083bfd6d42fb05d81996e27f45b72d8dd96b410b9503283434d2fb9965d99b
qemux86_64_bblayers_conf_sha256=39185e780870b9f1401630c28e24a974b18728f2f1b8857219f274d48bc94e2c
raspberrypi4_aglsetup_source_sha256=7046612e24eb63345000c2aa984cea1a06023c9977348a3ce2939add39314e5e
raspberrypi4_aglsetup_sanitized_sha256=6886bf37555b4e5d507f95931985b6c268cd7dbed7b9ee8b4735ae17276db5f8
qemux86_64_aglsetup_source_sha256=7884db01cbe969ea252a525cc6c93c8b35aeb550840fec55f318f1d7142df282
qemux86_64_aglsetup_sanitized_sha256=e8905cd51af1e95e7ebd9b26d45cf92c43f666993bad79b61d7f04fbd8372914
meta_fluorite_trial_repository_tree_sha256=e1c50d7c0e85633cb7ffc13ae6a9601a63bcdf0963e4d32c3962c20c6e0dcea5
meta_fluorite_trial_normalized_identity_tree_sha256=d34c99c2f0d51d7deb97a38d105f6f8c7e6c86d5a65a4f49146e9a85db36fedd
meta_fluorite_trial_file_count=45

# The source and repository tree hashes differ because patch author/trailer
# identity metadata was anonymized before tracking. The repository hash uses
# sorted rows of "layers-relative-path SHA256(file)". The normalized identity
# hash proves the imported content while replacing only identity metadata lines.
